
Microsoft Visual Studio Solution File, Format Version 12.00
Project("{2150E333-8FDC-42A3-9474-1A3956D46DE8}") = "examples", "examples", "{B36A84DF-456D-A817-6EDD-3EC3E7F6E11F}"
EndProject
Project("{FAE04EC0-301F-11D3-BF4B-00C04F79EFBC}") = "AwsLambda.Host.Example.HelloWorldAot", "examples\AwsLambda.Host.Example.HelloWorldAot\AwsLambda.Host.Example.HelloWorldAot.csproj", "{6B8CD8FF-832E-9F88-FB36-2173461F6678}"
EndProject
Project("{FAE04EC0-301F-11D3-BF4B-00C04F79EFBC}") = "AwsLambda.Host.Example.HelloWorld", "examples\AwsLambda.Host.Example.HelloWorld\AwsLambda.Host.Example.HelloWorld.csproj", "{C055F84D-F8B7-DBCF-8A73-2EA183185033}"
EndProject
Project("{FAE04EC0-301F-11D3-BF4B-00C04F79EFBC}") = "AwsLambda.Host.Example.Lifecycle", "examples\AwsLambda.Host.Example.Lifecycle\AwsLambda.Host.Example.Lifecycle.csproj", "{0840D364-A48A-99D7-EE47-1CAC4643B29A}"
EndProject
Project("{2150E333-8FDC-42A3-9474-1A3956D46DE8}") = "Solution Items", "Solution Items", "{089100B1-113F-4E66-888A-E83F3999EAFD}"
	ProjectSection(SolutionItems) = preProject
		README.md = README.md
		Taskfile.yml = Taskfile.yml
		LICENSE = LICENSE
		.gitignore = .gitignore
		Directory.Build.props = Directory.Build.props
		CLAUDE.md = CLAUDE.md
		CLAUDE.local.md = CLAUDE.local.md
		Directory.Packages.props = Directory.Packages.props
		tasks\FormattingTasks.yml = tasks\FormattingTasks.yml
	EndProjectSection
EndProject
Project("{2150E333-8FDC-42A3-9474-1A3956D46DE8}") = "src", "src", "{827E0CD3-B72D-47B6-A68D-7590B98EB39B}"
EndProject
Project("{FAE04EC0-301F-11D3-BF4B-00C04F79EFBC}") = "AwsLambda.Host.Abstractions", "src\AwsLambda.Host.Abstractions\AwsLambda.Host.Abstractions.csproj", "{BA42EF68-C2E6-392F-8B5A-37D2EB4A7C06}"
EndProject
Project("{FAE04EC0-301F-11D3-BF4B-00C04F79EFBC}") = "AwsLambda.Host.OpenTelemetry", "src\AwsLambda.Host.OpenTelemetry\AwsLambda.Host.OpenTelemetry.csproj", "{6F7F539B-6D80-175E-8200-7B1E64323541}"
EndProject
Project("{FAE04EC0-301F-11D3-BF4B-00C04F79EFBC}") = "AwsLambda.Host.SourceGenerators", "src\AwsLambda.Host.SourceGenerators\AwsLambda.Host.SourceGenerators.csproj", "{2CCDEC5D-5A84-2F11-A2F9-A6AF00F2112D}"
EndProject
Project("{FAE04EC0-301F-11D3-BF4B-00C04F79EFBC}") = "AwsLambda.Host", "src\AwsLambda.Host\AwsLambda.Host.csproj", "{6C9DE6F5-2E44-A1BE-0E21-D39850C45EF3}"
EndProject
Project("{2150E333-8FDC-42A3-9474-1A3956D46DE8}") = "tests", "tests", "{0AB3BF05-4346-4AA6-1389-037BE0695223}"
EndProject
Project("{FAE04EC0-301F-11D3-BF4B-00C04F79EFBC}") = "AwsLambda.Host.SourceGenerators.UnitTests", "tests\AwsLambda.Host.SourceGenerators.UnitTests\AwsLambda.Host.SourceGenerators.UnitTests.csproj", "{00F4BB08-2770-56A6-1F85-B916CA14340E}"
EndProject
Project("{FAE04EC0-301F-11D3-BF4B-00C04F79EFBC}") = "AwsLambda.Host.UnitTests", "tests\AwsLambda.Host.UnitTests\AwsLambda.Host.UnitTests.csproj", "{5A3B3343-1E90-46DB-DD4C-DB87FD583D69}"
EndProject
Global
	GlobalSection(SolutionConfigurationPlatforms) = preSolution
		Debug|Any CPU = Debug|Any CPU
		Release|Any CPU = Release|Any CPU
	EndGlobalSection
	GlobalSection(ProjectConfigurationPlatforms) = postSolution
		{6B8CD8FF-832E-9F88-FB36-2173461F6678}.Debug|Any CPU.ActiveCfg = Debug|Any CPU
		{6B8CD8FF-832E-9F88-FB36-2173461F6678}.Debug|Any CPU.Build.0 = Debug|Any CPU
		{6B8CD8FF-832E-9F88-FB36-2173461F6678}.Release|Any CPU.ActiveCfg = Release|Any CPU
		{6B8CD8FF-832E-9F88-FB36-2173461F6678}.Release|Any CPU.Build.0 = Release|Any CPU
		{C055F84D-F8B7-DBCF-8A73-2EA183185033}.Debug|Any CPU.ActiveCfg = Debug|Any CPU
		{C055F84D-F8B7-DBCF-8A73-2EA183185033}.Debug|Any CPU.Build.0 = Debug|Any CPU
		{C055F84D-F8B7-DBCF-8A73-2EA183185033}.Release|Any CPU.ActiveCfg = Release|Any CPU
		{C055F84D-F8B7-DBCF-8A73-2EA183185033}.Release|Any CPU.Build.0 = Release|Any CPU
		{0840D364-A48A-99D7-EE47-1CAC4643B29A}.Debug|Any CPU.ActiveCfg = Debug|Any CPU
		{0840D364-A48A-99D7-EE47-1CAC4643B29A}.Debug|Any CPU.Build.0 = Debug|Any CPU
		{0840D364-A48A-99D7-EE47-1CAC4643B29A}.Release|Any CPU.ActiveCfg = Release|Any CPU
		{0840D364-A48A-99D7-EE47-1CAC4643B29A}.Release|Any CPU.Build.0 = Release|Any CPU
		{BA42EF68-C2E6-392F-8B5A-37D2EB4A7C06}.Debug|Any CPU.ActiveCfg = Debug|Any CPU
		{BA42EF68-C2E6-392F-8B5A-37D2EB4A7C06}.Debug|Any CPU.Build.0 = Debug|Any CPU
		{BA42EF68-C2E6-392F-8B5A-37D2EB4A7C06}.Release|Any CPU.ActiveCfg = Release|Any CPU
		{BA42EF68-C2E6-392F-8B5A-37D2EB4A7C06}.Release|Any CPU.Build.0 = Release|Any CPU
		{6F7F539B-6D80-175E-8200-7B1E64323541}.Debug|Any CPU.ActiveCfg = Debug|Any CPU
		{6F7F539B-6D80-175E-8200-7B1E64323541}.Debug|Any CPU.Build.0 = Debug|Any CPU
		{6F7F539B-6D80-175E-8200-7B1E64323541}.Release|Any CPU.ActiveCfg = Release|Any CPU
		{6F7F539B-6D80-175E-8200-7B1E64323541}.Release|Any CPU.Build.0 = Release|Any CPU
		{2CCDEC5D-5A84-2F11-A2F9-A6AF00F2112D}.Debug|Any CPU.ActiveCfg = Debug|Any CPU
		{2CCDEC5D-5A84-2F11-A2F9-A6AF00F2112D}.Debug|Any CPU.Build.0 = Debug|Any CPU
		{2CCDEC5D-5A84-2F11-A2F9-A6AF00F2112D}.Release|Any CPU.ActiveCfg = Release|Any CPU
		{2CCDEC5D-5A84-2F11-A2F9-A6AF00F2112D}.Release|Any CPU.Build.0 = Release|Any CPU
		{6C9DE6F5-2E44-A1BE-0E21-D39850C45EF3}.Debug|Any CPU.ActiveCfg = Debug|Any CPU
		{6C9DE6F5-2E44-A1BE-0E21-D39850C45EF3}.Debug|Any CPU.Build.0 = Debug|Any CPU
		{6C9DE6F5-2E44-A1BE-0E21-D39850C45EF3}.Release|Any CPU.ActiveCfg = Release|Any CPU
		{6C9DE6F5-2E44-A1BE-0E21-D39850C45EF3}.Release|Any CPU.Build.0 = Release|Any CPU
		{00F4BB08-2770-56A6-1F85-B916CA14340E}.Debug|Any CPU.ActiveCfg = Debug|Any CPU
		{00F4BB08-2770-56A6-1F85-B916CA14340E}.Debug|Any CPU.Build.0 = Debug|Any CPU
		{00F4BB08-2770-56A6-1F85-B916CA14340E}.Release|Any CPU.ActiveCfg = Release|Any CPU
		{00F4BB08-2770-56A6-1F85-B916CA14340E}.Release|Any CPU.Build.0 = Release|Any CPU
		{5A3B3343-1E90-46DB-DD4C-DB87FD583D69}.Debug|Any CPU.ActiveCfg = Debug|Any CPU
		{5A3B3343-1E90-46DB-DD4C-DB87FD583D69}.Debug|Any CPU.Build.0 = Debug|Any CPU
		{5A3B3343-1E90-46DB-DD4C-DB87FD583D69}.Release|Any CPU.ActiveCfg = Release|Any CPU
		{5A3B3343-1E90-46DB-DD4C-DB87FD583D69}.Release|Any CPU.Build.0 = Release|Any CPU
	EndGlobalSection
	GlobalSection(NestedProjects) = preSolution
		{6B8CD8FF-832E-9F88-FB36-2173461F6678} = {B36A84DF-456D-A817-6EDD-3EC3E7F6E11F}
		{C055F84D-F8B7-DBCF-8A73-2EA183185033} = {B36A84DF-456D-A817-6EDD-3EC3E7F6E11F}
		{0840D364-A48A-99D7-EE47-1CAC4643B29A} = {B36A84DF-456D-A817-6EDD-3EC3E7F6E11F}
		{BA42EF68-C2E6-392F-8B5A-37D2EB4A7C06} = {827E0CD3-B72D-47B6-A68D-7590B98EB39B}
		{6F7F539B-6D80-175E-8200-7B1E64323541} = {827E0CD3-B72D-47B6-A68D-7590B98EB39B}
		{2CCDEC5D-5A84-2F11-A2F9-A6AF00F2112D} = {827E0CD3-B72D-47B6-A68D-7590B98EB39B}
		{6C9DE6F5-2E44-A1BE-0E21-D39850C45EF3} = {827E0CD3-B72D-47B6-A68D-7590B98EB39B}
		{00F4BB08-2770-56A6-1F85-B916CA14340E} = {0AB3BF05-4346-4AA6-1389-037BE0695223}
		{5A3B3343-1E90-46DB-DD4C-DB87FD583D69} = {0AB3BF05-4346-4AA6-1389-037BE0695223}
	EndGlobalSection
EndGlobal
