
Microsoft Visual Studio Solution File, Format Version 12.00
Project("{2150E333-8FDC-42A3-9474-1A3956D46DE8}") = "examples", "examples", "{B36A84DF-456D-A817-6EDD-3EC3E7F6E11F}"
EndProject
Project("{FAE04EC0-301F-11D3-BF4B-00C04F79EFBC}") = "MinimalLambda.Example.HelloWorldAot", "examples\MinimalLambda.Example.HelloWorldAot\MinimalLambda.Example.HelloWorldAot.csproj", "{6B8CD8FF-832E-9F88-FB36-2173461F6678}"
EndProject
Project("{FAE04EC0-301F-11D3-BF4B-00C04F79EFBC}") = "MinimalLambda.Example.HelloWorld", "examples\MinimalLambda.Example.HelloWorld\MinimalLambda.Example.HelloWorld.csproj", "{C055F84D-F8B7-DBCF-8A73-2EA183185033}"
EndProject
Project("{FAE04EC0-301F-11D3-BF4B-00C04F79EFBC}") = "MinimalLambda.Example.Lifecycle", "examples\MinimalLambda.Example.Lifecycle\MinimalLambda.Example.Lifecycle.csproj", "{0840D364-A48A-99D7-EE47-1CAC4643B29A}"
EndProject
Project("{2150E333-8FDC-42A3-9474-1A3956D46DE8}") = "Solution Items", "Solution Items", "{089100B1-113F-4E66-888A-E83F3999EAFD}"
	ProjectSection(SolutionItems) = preProject
		README.md = README.md
		Taskfile.yml = Taskfile.yml
		LICENSE = LICENSE
		.gitignore = .gitignore
		Directory.Build.props = Directory.Build.props
		CLAUDE.md = CLAUDE.md
		CLAUDE.local.md = CLAUDE.local.md
		Directory.Packages.props = Directory.Packages.props
		THIRD-PARTY-LICENSES.txt = THIRD-PARTY-LICENSES.txt
		mkdocs.yml = mkdocs.yml
		.editorconfig = .editorconfig
		.csharpierignore = .csharpierignore
	EndProjectSection
EndProject
Project("{2150E333-8FDC-42A3-9474-1A3956D46DE8}") = "src", "src", "{827E0CD3-B72D-47B6-A68D-7590B98EB39B}"
EndProject
Project("{FAE04EC0-301F-11D3-BF4B-00C04F79EFBC}") = "MinimalLambda.Abstractions", "src\MinimalLambda.Abstractions\MinimalLambda.Abstractions.csproj", "{BA42EF68-C2E6-392F-8B5A-37D2EB4A7C06}"
EndProject
Project("{FAE04EC0-301F-11D3-BF4B-00C04F79EFBC}") = "MinimalLambda.OpenTelemetry", "src\MinimalLambda.OpenTelemetry\MinimalLambda.OpenTelemetry.csproj", "{6F7F539B-6D80-175E-8200-7B1E64323541}"
EndProject
Project("{FAE04EC0-301F-11D3-BF4B-00C04F79EFBC}") = "MinimalLambda.SourceGenerators", "src\MinimalLambda.SourceGenerators\MinimalLambda.SourceGenerators.csproj", "{2CCDEC5D-5A84-2F11-A2F9-A6AF00F2112D}"
EndProject
Project("{FAE04EC0-301F-11D3-BF4B-00C04F79EFBC}") = "MinimalLambda", "src\MinimalLambda\MinimalLambda.csproj", "{6C9DE6F5-2E44-A1BE-0E21-D39850C45EF3}"
EndProject
Project("{2150E333-8FDC-42A3-9474-1A3956D46DE8}") = "tests", "tests", "{0AB3BF05-4346-4AA6-1389-037BE0695223}"
EndProject
Project("{FAE04EC0-301F-11D3-BF4B-00C04F79EFBC}") = "MinimalLambda.SourceGenerators.UnitTests", "tests\MinimalLambda.SourceGenerators.UnitTests\MinimalLambda.SourceGenerators.UnitTests.csproj", "{00F4BB08-2770-56A6-1F85-B916CA14340E}"
EndProject
Project("{FAE04EC0-301F-11D3-BF4B-00C04F79EFBC}") = "MinimalLambda.UnitTests", "tests\MinimalLambda.UnitTests\MinimalLambda.UnitTests.csproj", "{5A3B3343-1E90-46DB-DD4C-DB87FD583D69}"
EndProject
Project("{FAE04EC0-301F-11D3-BF4B-00C04F79EFBC}") = "MinimalLambda.Example.OpenTelemetry", "examples\MinimalLambda.Example.OpenTelemetry\MinimalLambda.Example.OpenTelemetry.csproj", "{BA5B805C-0187-4D3D-9F3F-297314F64B5B}"
EndProject
Project("{FAE04EC0-301F-11D3-BF4B-00C04F79EFBC}") = "MinimalLambda.Example.Events", "examples\MinimalLambda.Example.Events\MinimalLambda.Example.Events.csproj", "{BA1CA0FB-A0C8-429B-9709-EDEEA4C187B9}"
EndProject
Project("{2150E333-8FDC-42A3-9474-1A3956D46DE8}") = "Envelopes", "Envelopes", "{1C3C52D9-2936-4A0C-A9C8-F330F22B8359}"
	ProjectSection(SolutionItems) = preProject
		src\Envelopes\README.md = src\Envelopes\README.md
	EndProjectSection
EndProject
Project("{FAE04EC0-301F-11D3-BF4B-00C04F79EFBC}") = "MinimalLambda.Envelopes.Sqs", "src\Envelopes\MinimalLambda.Envelopes.Sqs\MinimalLambda.Envelopes.Sqs.csproj", "{8E3037D3-BEB0-4A0B-A09A-CF31F50D0508}"
EndProject
Project("{FAE04EC0-301F-11D3-BF4B-00C04F79EFBC}") = "MinimalLambda.Envelopes.ApiGateway", "src\Envelopes\MinimalLambda.Envelopes.ApiGateway\MinimalLambda.Envelopes.ApiGateway.csproj", "{83E4EBD0-EE1C-422D-A22C-BC6A1895A879}"
EndProject
Project("{FAE04EC0-301F-11D3-BF4B-00C04F79EFBC}") = "MinimalLambda.Envelopes.UnitTests", "tests\MinimalLambda.Envelopes.UnitTests\MinimalLambda.Envelopes.UnitTests.csproj", "{0BBBEF49-6478-4394-9BD7-B9AFCA280B3D}"
EndProject
Project("{FAE04EC0-301F-11D3-BF4B-00C04F79EFBC}") = "MinimalLambda.OpenTelemetry.UnitTests", "tests\MinimalLambda.OpenTelemetry.UnitTests\MinimalLambda.OpenTelemetry.UnitTests.csproj", "{B8FD7488-07A9-4CA0-8F40-483ECE109159}"
EndProject
Project("{FAE04EC0-301F-11D3-BF4B-00C04F79EFBC}") = "MinimalLambda.Benchmarks", "benchmarks\MinimalLambda.Benchmarks\MinimalLambda.Benchmarks.csproj", "{C3E6B18E-A30A-4844-BB82-209A6CC52205}"
EndProject
Project("{2150E333-8FDC-42A3-9474-1A3956D46DE8}") = "benchmarks", "benchmarks", "{A193E0DE-D617-4E7E-83CA-2A9150E44841}"
EndProject
Project("{FAE04EC0-301F-11D3-BF4B-00C04F79EFBC}") = "MinimalLambda.Envelopes.Alb", "src\Envelopes\MinimalLambda.Envelopes.Alb\MinimalLambda.Envelopes.Alb.csproj", "{DD02E50C-625B-4A91-9BDF-7E3C08DF9E78}"
EndProject
Project("{FAE04EC0-301F-11D3-BF4B-00C04F79EFBC}") = "MinimalLambda.Envelopes.Sns", "src\Envelopes\MinimalLambda.Envelopes.Sns\MinimalLambda.Envelopes.Sns.csproj", "{3F7CDB17-2492-4670-930C-E87DD96A7BB9}"
EndProject
Project("{FAE04EC0-301F-11D3-BF4B-00C04F79EFBC}") = "MinimalLambda.Envelopes.Kinesis", "src\Envelopes\MinimalLambda.Envelopes.Kinesis\MinimalLambda.Envelopes.Kinesis.csproj", "{4A29DBDB-F707-419D-9024-B0B509A415DD}"
EndProject
Project("{FAE04EC0-301F-11D3-BF4B-00C04F79EFBC}") = "MinimalLambda.Envelopes.KinesisFirehose", "src\Envelopes\MinimalLambda.Envelopes.KinesisFirehose\MinimalLambda.Envelopes.KinesisFirehose.csproj", "{71EB7C3D-6EFE-4189-BE50-DC7C83D666F5}"
EndProject
Project("{FAE04EC0-301F-11D3-BF4B-00C04F79EFBC}") = "MinimalLambda.Envelopes.Kafka", "src\Envelopes\MinimalLambda.Envelopes.Kafka\MinimalLambda.Envelopes.Kafka.csproj", "{DA647025-1B7B-425A-9405-8E015F6DA723}"
EndProject
Project("{FAE04EC0-301F-11D3-BF4B-00C04F79EFBC}") = "MinimalLambda.Envelopes.CloudWatchLogs", "src\Envelopes\MinimalLambda.Envelopes.CloudWatchLogs\MinimalLambda.Envelopes.CloudWatchLogs.csproj", "{6D40345B-6CCF-4A6C-8FA2-5BE6C693E3F7}"
EndProject
Project("{FAE04EC0-301F-11D3-BF4B-00C04F79EFBC}") = "MinimalLambda.Testing", "src\MinimalLambda.Testing\MinimalLambda.Testing.csproj", "{9FA188D7-CF5F-4F87-B292-2AF69994FF12}"
EndProject
Project("{FAE04EC0-301F-11D3-BF4B-00C04F79EFBC}") = "MinimalLambda.Testing.UnitTests", "tests\MinimalLambda.Testing.UnitTests\Tests\MinimalLambda.Testing.UnitTests\MinimalLambda.Testing.UnitTests.csproj", "{A8B1FC36-7518-4D9B-9CA1-BF7634229AFF}"
EndProject
Project("{2150E333-8FDC-42A3-9474-1A3956D46DE8}") = "MinimalLambda.Testing.UnitTests", "MinimalLambda.Testing.UnitTests", "{47DD369E-341A-4E8F-A227-B1B1E04CB9D6}"
EndProject
Project("{FAE04EC0-301F-11D3-BF4B-00C04F79EFBC}") = "MinimalLambda.Testing.UnitTests.SimpleLambda", "tests\MinimalLambda.Testing.UnitTests\Lambdas\MinimalLambda.Testing.UnitTests.SimpleLambda\MinimalLambda.Testing.UnitTests.SimpleLambda.csproj", "{7E7B3004-C6C4-4A8C-8610-2A1CB61F834A}"
EndProject
Project("{FAE04EC0-301F-11D3-BF4B-00C04F79EFBC}") = "MinimalLambda.Testing.UnitTests.DiLambda", "tests\MinimalLambda.Testing.UnitTests\Lambdas\MinimalLambda.Testing.UnitTests.DiLambda\MinimalLambda.Testing.UnitTests.DiLambda.csproj", "{DA971B0E-E028-43E9-9FCE-6ADCD2535AC7}"
EndProject
Project("{FAE04EC0-301F-11D3-BF4B-00C04F79EFBC}") = "MinimalLambda.Testing.UnitTests.NoEventLambda", "tests\MinimalLambda.Testing.UnitTests\Lambdas\MinimalLambda.Testing.UnitTests.NoEventLambda\MinimalLambda.Testing.UnitTests.NoEventLambda.csproj", "{7350482B-DFDE-4DCD-A0C5-899D5EA00F74}"
EndProject
Project("{FAE04EC0-301F-11D3-BF4B-00C04F79EFBC}") = "MinimalLambda.Testing.UnitTests.NoResponseLambda", "tests\MinimalLambda.Testing.UnitTests\Lambdas\MinimalLambda.Testing.UnitTests.NoResponseLambda\MinimalLambda.Testing.UnitTests.NoResponseLambda.csproj", "{381F49C0-297F-4B61-8A82-E9E502E523AD}"
EndProject
Project("{2150E333-8FDC-42A3-9474-1A3956D46DE8}") = "Lambdas", "Lambdas", "{D9109C8A-AFA8-49C8-A19C-381500902B4D}"
EndProject
Project("{FAE04EC0-301F-11D3-BF4B-00C04F79EFBC}") = "MinimalLambda.Envelopes", "src\Envelopes\MinimalLambda.Envelopes\MinimalLambda.Envelopes.csproj", "{190CC9C7-007F-48C5-867D-03B911D53397}"
EndProject
Project("{FAE04EC0-301F-11D3-BF4B-00C04F79EFBC}") = "MinimalLambda.Example.ClassMiddleware", "examples\MinimalLambda.Example.ClassMiddleware\MinimalLambda.Example.ClassMiddleware.csproj", "{69785FC6-B746-4104-8157-1618B80B0A4C}"
EndProject
Global
	GlobalSection(SolutionConfigurationPlatforms) = preSolution
		Debug|Any CPU = Debug|Any CPU
		Debug|x64 = Debug|x64
		Debug|x86 = Debug|x86
		Release|Any CPU = Release|Any CPU
		Release|x64 = Release|x64
		Release|x86 = Release|x86
	EndGlobalSection
	GlobalSection(ProjectConfigurationPlatforms) = postSolution
		{6B8CD8FF-832E-9F88-FB36-2173461F6678}.Debug|Any CPU.ActiveCfg = Debug|Any CPU
		{6B8CD8FF-832E-9F88-FB36-2173461F6678}.Debug|Any CPU.Build.0 = Debug|Any CPU
		{6B8CD8FF-832E-9F88-FB36-2173461F6678}.Debug|x64.ActiveCfg = Debug|Any CPU
		{6B8CD8FF-832E-9F88-FB36-2173461F6678}.Debug|x64.Build.0 = Debug|Any CPU
		{6B8CD8FF-832E-9F88-FB36-2173461F6678}.Debug|x86.ActiveCfg = Debug|Any CPU
		{6B8CD8FF-832E-9F88-FB36-2173461F6678}.Debug|x86.Build.0 = Debug|Any CPU
		{6B8CD8FF-832E-9F88-FB36-2173461F6678}.Release|Any CPU.ActiveCfg = Release|Any CPU
		{6B8CD8FF-832E-9F88-FB36-2173461F6678}.Release|Any CPU.Build.0 = Release|Any CPU
		{6B8CD8FF-832E-9F88-FB36-2173461F6678}.Release|x64.ActiveCfg = Release|Any CPU
		{6B8CD8FF-832E-9F88-FB36-2173461F6678}.Release|x64.Build.0 = Release|Any CPU
		{6B8CD8FF-832E-9F88-FB36-2173461F6678}.Release|x86.ActiveCfg = Release|Any CPU
		{6B8CD8FF-832E-9F88-FB36-2173461F6678}.Release|x86.Build.0 = Release|Any CPU
		{C055F84D-F8B7-DBCF-8A73-2EA183185033}.Debug|Any CPU.ActiveCfg = Debug|Any CPU
		{C055F84D-F8B7-DBCF-8A73-2EA183185033}.Debug|Any CPU.Build.0 = Debug|Any CPU
		{C055F84D-F8B7-DBCF-8A73-2EA183185033}.Debug|x64.ActiveCfg = Debug|Any CPU
		{C055F84D-F8B7-DBCF-8A73-2EA183185033}.Debug|x64.Build.0 = Debug|Any CPU
		{C055F84D-F8B7-DBCF-8A73-2EA183185033}.Debug|x86.ActiveCfg = Debug|Any CPU
		{C055F84D-F8B7-DBCF-8A73-2EA183185033}.Debug|x86.Build.0 = Debug|Any CPU
		{C055F84D-F8B7-DBCF-8A73-2EA183185033}.Release|Any CPU.ActiveCfg = Release|Any CPU
		{C055F84D-F8B7-DBCF-8A73-2EA183185033}.Release|Any CPU.Build.0 = Release|Any CPU
		{C055F84D-F8B7-DBCF-8A73-2EA183185033}.Release|x64.ActiveCfg = Release|Any CPU
		{C055F84D-F8B7-DBCF-8A73-2EA183185033}.Release|x64.Build.0 = Release|Any CPU
		{C055F84D-F8B7-DBCF-8A73-2EA183185033}.Release|x86.ActiveCfg = Release|Any CPU
		{C055F84D-F8B7-DBCF-8A73-2EA183185033}.Release|x86.Build.0 = Release|Any CPU
		{0840D364-A48A-99D7-EE47-1CAC4643B29A}.Debug|Any CPU.ActiveCfg = Debug|Any CPU
		{0840D364-A48A-99D7-EE47-1CAC4643B29A}.Debug|Any CPU.Build.0 = Debug|Any CPU
		{0840D364-A48A-99D7-EE47-1CAC4643B29A}.Debug|x64.ActiveCfg = Debug|Any CPU
		{0840D364-A48A-99D7-EE47-1CAC4643B29A}.Debug|x64.Build.0 = Debug|Any CPU
		{0840D364-A48A-99D7-EE47-1CAC4643B29A}.Debug|x86.ActiveCfg = Debug|Any CPU
		{0840D364-A48A-99D7-EE47-1CAC4643B29A}.Debug|x86.Build.0 = Debug|Any CPU
		{0840D364-A48A-99D7-EE47-1CAC4643B29A}.Release|Any CPU.ActiveCfg = Release|Any CPU
		{0840D364-A48A-99D7-EE47-1CAC4643B29A}.Release|Any CPU.Build.0 = Release|Any CPU
		{0840D364-A48A-99D7-EE47-1CAC4643B29A}.Release|x64.ActiveCfg = Release|Any CPU
		{0840D364-A48A-99D7-EE47-1CAC4643B29A}.Release|x64.Build.0 = Release|Any CPU
		{0840D364-A48A-99D7-EE47-1CAC4643B29A}.Release|x86.ActiveCfg = Release|Any CPU
		{0840D364-A48A-99D7-EE47-1CAC4643B29A}.Release|x86.Build.0 = Release|Any CPU
		{BA42EF68-C2E6-392F-8B5A-37D2EB4A7C06}.Debug|Any CPU.ActiveCfg = Debug|Any CPU
		{BA42EF68-C2E6-392F-8B5A-37D2EB4A7C06}.Debug|Any CPU.Build.0 = Debug|Any CPU
		{BA42EF68-C2E6-392F-8B5A-37D2EB4A7C06}.Debug|x64.ActiveCfg = Debug|Any CPU
		{BA42EF68-C2E6-392F-8B5A-37D2EB4A7C06}.Debug|x64.Build.0 = Debug|Any CPU
		{BA42EF68-C2E6-392F-8B5A-37D2EB4A7C06}.Debug|x86.ActiveCfg = Debug|Any CPU
		{BA42EF68-C2E6-392F-8B5A-37D2EB4A7C06}.Debug|x86.Build.0 = Debug|Any CPU
		{BA42EF68-C2E6-392F-8B5A-37D2EB4A7C06}.Release|Any CPU.ActiveCfg = Release|Any CPU
		{BA42EF68-C2E6-392F-8B5A-37D2EB4A7C06}.Release|Any CPU.Build.0 = Release|Any CPU
		{BA42EF68-C2E6-392F-8B5A-37D2EB4A7C06}.Release|x64.ActiveCfg = Release|Any CPU
		{BA42EF68-C2E6-392F-8B5A-37D2EB4A7C06}.Release|x64.Build.0 = Release|Any CPU
		{BA42EF68-C2E6-392F-8B5A-37D2EB4A7C06}.Release|x86.ActiveCfg = Release|Any CPU
		{BA42EF68-C2E6-392F-8B5A-37D2EB4A7C06}.Release|x86.Build.0 = Release|Any CPU
		{6F7F539B-6D80-175E-8200-7B1E64323541}.Debug|Any CPU.ActiveCfg = Debug|Any CPU
		{6F7F539B-6D80-175E-8200-7B1E64323541}.Debug|Any CPU.Build.0 = Debug|Any CPU
		{6F7F539B-6D80-175E-8200-7B1E64323541}.Debug|x64.ActiveCfg = Debug|Any CPU
		{6F7F539B-6D80-175E-8200-7B1E64323541}.Debug|x64.Build.0 = Debug|Any CPU
		{6F7F539B-6D80-175E-8200-7B1E64323541}.Debug|x86.ActiveCfg = Debug|Any CPU
		{6F7F539B-6D80-175E-8200-7B1E64323541}.Debug|x86.Build.0 = Debug|Any CPU
		{6F7F539B-6D80-175E-8200-7B1E64323541}.Release|Any CPU.ActiveCfg = Release|Any CPU
		{6F7F539B-6D80-175E-8200-7B1E64323541}.Release|Any CPU.Build.0 = Release|Any CPU
		{6F7F539B-6D80-175E-8200-7B1E64323541}.Release|x64.ActiveCfg = Release|Any CPU
		{6F7F539B-6D80-175E-8200-7B1E64323541}.Release|x64.Build.0 = Release|Any CPU
		{6F7F539B-6D80-175E-8200-7B1E64323541}.Release|x86.ActiveCfg = Release|Any CPU
		{6F7F539B-6D80-175E-8200-7B1E64323541}.Release|x86.Build.0 = Release|Any CPU
		{2CCDEC5D-5A84-2F11-A2F9-A6AF00F2112D}.Debug|Any CPU.ActiveCfg = Debug|Any CPU
		{2CCDEC5D-5A84-2F11-A2F9-A6AF00F2112D}.Debug|Any CPU.Build.0 = Debug|Any CPU
		{2CCDEC5D-5A84-2F11-A2F9-A6AF00F2112D}.Debug|x64.ActiveCfg = Debug|Any CPU
		{2CCDEC5D-5A84-2F11-A2F9-A6AF00F2112D}.Debug|x64.Build.0 = Debug|Any CPU
		{2CCDEC5D-5A84-2F11-A2F9-A6AF00F2112D}.Debug|x86.ActiveCfg = Debug|Any CPU
		{2CCDEC5D-5A84-2F11-A2F9-A6AF00F2112D}.Debug|x86.Build.0 = Debug|Any CPU
		{2CCDEC5D-5A84-2F11-A2F9-A6AF00F2112D}.Release|Any CPU.ActiveCfg = Release|Any CPU
		{2CCDEC5D-5A84-2F11-A2F9-A6AF00F2112D}.Release|Any CPU.Build.0 = Release|Any CPU
		{2CCDEC5D-5A84-2F11-A2F9-A6AF00F2112D}.Release|x64.ActiveCfg = Release|Any CPU
		{2CCDEC5D-5A84-2F11-A2F9-A6AF00F2112D}.Release|x64.Build.0 = Release|Any CPU
		{2CCDEC5D-5A84-2F11-A2F9-A6AF00F2112D}.Release|x86.ActiveCfg = Release|Any CPU
		{2CCDEC5D-5A84-2F11-A2F9-A6AF00F2112D}.Release|x86.Build.0 = Release|Any CPU
		{6C9DE6F5-2E44-A1BE-0E21-D39850C45EF3}.Debug|Any CPU.ActiveCfg = Debug|Any CPU
		{6C9DE6F5-2E44-A1BE-0E21-D39850C45EF3}.Debug|Any CPU.Build.0 = Debug|Any CPU
		{6C9DE6F5-2E44-A1BE-0E21-D39850C45EF3}.Debug|x64.ActiveCfg = Debug|Any CPU
		{6C9DE6F5-2E44-A1BE-0E21-D39850C45EF3}.Debug|x64.Build.0 = Debug|Any CPU
		{6C9DE6F5-2E44-A1BE-0E21-D39850C45EF3}.Debug|x86.ActiveCfg = Debug|Any CPU
		{6C9DE6F5-2E44-A1BE-0E21-D39850C45EF3}.Debug|x86.Build.0 = Debug|Any CPU
		{6C9DE6F5-2E44-A1BE-0E21-D39850C45EF3}.Release|Any CPU.ActiveCfg = Release|Any CPU
		{6C9DE6F5-2E44-A1BE-0E21-D39850C45EF3}.Release|Any CPU.Build.0 = Release|Any CPU
		{6C9DE6F5-2E44-A1BE-0E21-D39850C45EF3}.Release|x64.ActiveCfg = Release|Any CPU
		{6C9DE6F5-2E44-A1BE-0E21-D39850C45EF3}.Release|x64.Build.0 = Release|Any CPU
		{6C9DE6F5-2E44-A1BE-0E21-D39850C45EF3}.Release|x86.ActiveCfg = Release|Any CPU
		{6C9DE6F5-2E44-A1BE-0E21-D39850C45EF3}.Release|x86.Build.0 = Release|Any CPU
		{00F4BB08-2770-56A6-1F85-B916CA14340E}.Debug|Any CPU.ActiveCfg = Debug|Any CPU
		{00F4BB08-2770-56A6-1F85-B916CA14340E}.Debug|Any CPU.Build.0 = Debug|Any CPU
		{00F4BB08-2770-56A6-1F85-B916CA14340E}.Debug|x64.ActiveCfg = Debug|Any CPU
		{00F4BB08-2770-56A6-1F85-B916CA14340E}.Debug|x64.Build.0 = Debug|Any CPU
		{00F4BB08-2770-56A6-1F85-B916CA14340E}.Debug|x86.ActiveCfg = Debug|Any CPU
		{00F4BB08-2770-56A6-1F85-B916CA14340E}.Debug|x86.Build.0 = Debug|Any CPU
		{00F4BB08-2770-56A6-1F85-B916CA14340E}.Release|Any CPU.ActiveCfg = Release|Any CPU
		{00F4BB08-2770-56A6-1F85-B916CA14340E}.Release|Any CPU.Build.0 = Release|Any CPU
		{00F4BB08-2770-56A6-1F85-B916CA14340E}.Release|x64.ActiveCfg = Release|Any CPU
		{00F4BB08-2770-56A6-1F85-B916CA14340E}.Release|x64.Build.0 = Release|Any CPU
		{00F4BB08-2770-56A6-1F85-B916CA14340E}.Release|x86.ActiveCfg = Release|Any CPU
		{00F4BB08-2770-56A6-1F85-B916CA14340E}.Release|x86.Build.0 = Release|Any CPU
		{5A3B3343-1E90-46DB-DD4C-DB87FD583D69}.Debug|Any CPU.ActiveCfg = Debug|Any CPU
		{5A3B3343-1E90-46DB-DD4C-DB87FD583D69}.Debug|Any CPU.Build.0 = Debug|Any CPU
		{5A3B3343-1E90-46DB-DD4C-DB87FD583D69}.Debug|x64.ActiveCfg = Debug|Any CPU
		{5A3B3343-1E90-46DB-DD4C-DB87FD583D69}.Debug|x64.Build.0 = Debug|Any CPU
		{5A3B3343-1E90-46DB-DD4C-DB87FD583D69}.Debug|x86.ActiveCfg = Debug|Any CPU
		{5A3B3343-1E90-46DB-DD4C-DB87FD583D69}.Debug|x86.Build.0 = Debug|Any CPU
		{5A3B3343-1E90-46DB-DD4C-DB87FD583D69}.Release|Any CPU.ActiveCfg = Release|Any CPU
		{5A3B3343-1E90-46DB-DD4C-DB87FD583D69}.Release|Any CPU.Build.0 = Release|Any CPU
		{5A3B3343-1E90-46DB-DD4C-DB87FD583D69}.Release|x64.ActiveCfg = Release|Any CPU
		{5A3B3343-1E90-46DB-DD4C-DB87FD583D69}.Release|x64.Build.0 = Release|Any CPU
		{5A3B3343-1E90-46DB-DD4C-DB87FD583D69}.Release|x86.ActiveCfg = Release|Any CPU
		{5A3B3343-1E90-46DB-DD4C-DB87FD583D69}.Release|x86.Build.0 = Release|Any CPU
		{BA5B805C-0187-4D3D-9F3F-297314F64B5B}.Debug|Any CPU.ActiveCfg = Debug|Any CPU
		{BA5B805C-0187-4D3D-9F3F-297314F64B5B}.Debug|Any CPU.Build.0 = Debug|Any CPU
		{BA5B805C-0187-4D3D-9F3F-297314F64B5B}.Debug|x64.ActiveCfg = Debug|Any CPU
		{BA5B805C-0187-4D3D-9F3F-297314F64B5B}.Debug|x64.Build.0 = Debug|Any CPU
		{BA5B805C-0187-4D3D-9F3F-297314F64B5B}.Debug|x86.ActiveCfg = Debug|Any CPU
		{BA5B805C-0187-4D3D-9F3F-297314F64B5B}.Debug|x86.Build.0 = Debug|Any CPU
		{BA5B805C-0187-4D3D-9F3F-297314F64B5B}.Release|Any CPU.ActiveCfg = Release|Any CPU
		{BA5B805C-0187-4D3D-9F3F-297314F64B5B}.Release|Any CPU.Build.0 = Release|Any CPU
		{BA5B805C-0187-4D3D-9F3F-297314F64B5B}.Release|x64.ActiveCfg = Release|Any CPU
		{BA5B805C-0187-4D3D-9F3F-297314F64B5B}.Release|x64.Build.0 = Release|Any CPU
		{BA5B805C-0187-4D3D-9F3F-297314F64B5B}.Release|x86.ActiveCfg = Release|Any CPU
		{BA5B805C-0187-4D3D-9F3F-297314F64B5B}.Release|x86.Build.0 = Release|Any CPU
		{BA1CA0FB-A0C8-429B-9709-EDEEA4C187B9}.Debug|Any CPU.ActiveCfg = Debug|Any CPU
		{BA1CA0FB-A0C8-429B-9709-EDEEA4C187B9}.Debug|Any CPU.Build.0 = Debug|Any CPU
		{BA1CA0FB-A0C8-429B-9709-EDEEA4C187B9}.Debug|x64.ActiveCfg = Debug|Any CPU
		{BA1CA0FB-A0C8-429B-9709-EDEEA4C187B9}.Debug|x64.Build.0 = Debug|Any CPU
		{BA1CA0FB-A0C8-429B-9709-EDEEA4C187B9}.Debug|x86.ActiveCfg = Debug|Any CPU
		{BA1CA0FB-A0C8-429B-9709-EDEEA4C187B9}.Debug|x86.Build.0 = Debug|Any CPU
		{BA1CA0FB-A0C8-429B-9709-EDEEA4C187B9}.Release|Any CPU.ActiveCfg = Release|Any CPU
		{BA1CA0FB-A0C8-429B-9709-EDEEA4C187B9}.Release|Any CPU.Build.0 = Release|Any CPU
		{BA1CA0FB-A0C8-429B-9709-EDEEA4C187B9}.Release|x64.ActiveCfg = Release|Any CPU
		{BA1CA0FB-A0C8-429B-9709-EDEEA4C187B9}.Release|x64.Build.0 = Release|Any CPU
		{BA1CA0FB-A0C8-429B-9709-EDEEA4C187B9}.Release|x86.ActiveCfg = Release|Any CPU
		{BA1CA0FB-A0C8-429B-9709-EDEEA4C187B9}.Release|x86.Build.0 = Release|Any CPU
		{8E3037D3-BEB0-4A0B-A09A-CF31F50D0508}.Debug|Any CPU.ActiveCfg = Debug|Any CPU
		{8E3037D3-BEB0-4A0B-A09A-CF31F50D0508}.Debug|Any CPU.Build.0 = Debug|Any CPU
		{8E3037D3-BEB0-4A0B-A09A-CF31F50D0508}.Debug|x64.ActiveCfg = Debug|Any CPU
		{8E3037D3-BEB0-4A0B-A09A-CF31F50D0508}.Debug|x64.Build.0 = Debug|Any CPU
		{8E3037D3-BEB0-4A0B-A09A-CF31F50D0508}.Debug|x86.ActiveCfg = Debug|Any CPU
		{8E3037D3-BEB0-4A0B-A09A-CF31F50D0508}.Debug|x86.Build.0 = Debug|Any CPU
		{8E3037D3-BEB0-4A0B-A09A-CF31F50D0508}.Release|Any CPU.ActiveCfg = Release|Any CPU
		{8E3037D3-BEB0-4A0B-A09A-CF31F50D0508}.Release|Any CPU.Build.0 = Release|Any CPU
		{8E3037D3-BEB0-4A0B-A09A-CF31F50D0508}.Release|x64.ActiveCfg = Release|Any CPU
		{8E3037D3-BEB0-4A0B-A09A-CF31F50D0508}.Release|x64.Build.0 = Release|Any CPU
		{8E3037D3-BEB0-4A0B-A09A-CF31F50D0508}.Release|x86.ActiveCfg = Release|Any CPU
		{8E3037D3-BEB0-4A0B-A09A-CF31F50D0508}.Release|x86.Build.0 = Release|Any CPU
		{83E4EBD0-EE1C-422D-A22C-BC6A1895A879}.Debug|Any CPU.ActiveCfg = Debug|Any CPU
		{83E4EBD0-EE1C-422D-A22C-BC6A1895A879}.Debug|Any CPU.Build.0 = Debug|Any CPU
		{83E4EBD0-EE1C-422D-A22C-BC6A1895A879}.Debug|x64.ActiveCfg = Debug|Any CPU
		{83E4EBD0-EE1C-422D-A22C-BC6A1895A879}.Debug|x64.Build.0 = Debug|Any CPU
		{83E4EBD0-EE1C-422D-A22C-BC6A1895A879}.Debug|x86.ActiveCfg = Debug|Any CPU
		{83E4EBD0-EE1C-422D-A22C-BC6A1895A879}.Debug|x86.Build.0 = Debug|Any CPU
		{83E4EBD0-EE1C-422D-A22C-BC6A1895A879}.Release|Any CPU.ActiveCfg = Release|Any CPU
		{83E4EBD0-EE1C-422D-A22C-BC6A1895A879}.Release|Any CPU.Build.0 = Release|Any CPU
		{83E4EBD0-EE1C-422D-A22C-BC6A1895A879}.Release|x64.ActiveCfg = Release|Any CPU
		{83E4EBD0-EE1C-422D-A22C-BC6A1895A879}.Release|x64.Build.0 = Release|Any CPU
		{83E4EBD0-EE1C-422D-A22C-BC6A1895A879}.Release|x86.ActiveCfg = Release|Any CPU
		{83E4EBD0-EE1C-422D-A22C-BC6A1895A879}.Release|x86.Build.0 = Release|Any CPU
		{0BBBEF49-6478-4394-9BD7-B9AFCA280B3D}.Debug|Any CPU.ActiveCfg = Debug|Any CPU
		{0BBBEF49-6478-4394-9BD7-B9AFCA280B3D}.Debug|Any CPU.Build.0 = Debug|Any CPU
		{0BBBEF49-6478-4394-9BD7-B9AFCA280B3D}.Debug|x64.ActiveCfg = Debug|Any CPU
		{0BBBEF49-6478-4394-9BD7-B9AFCA280B3D}.Debug|x64.Build.0 = Debug|Any CPU
		{0BBBEF49-6478-4394-9BD7-B9AFCA280B3D}.Debug|x86.ActiveCfg = Debug|Any CPU
		{0BBBEF49-6478-4394-9BD7-B9AFCA280B3D}.Debug|x86.Build.0 = Debug|Any CPU
		{0BBBEF49-6478-4394-9BD7-B9AFCA280B3D}.Release|Any CPU.ActiveCfg = Release|Any CPU
		{0BBBEF49-6478-4394-9BD7-B9AFCA280B3D}.Release|Any CPU.Build.0 = Release|Any CPU
		{0BBBEF49-6478-4394-9BD7-B9AFCA280B3D}.Release|x64.ActiveCfg = Release|Any CPU
		{0BBBEF49-6478-4394-9BD7-B9AFCA280B3D}.Release|x64.Build.0 = Release|Any CPU
		{0BBBEF49-6478-4394-9BD7-B9AFCA280B3D}.Release|x86.ActiveCfg = Release|Any CPU
		{0BBBEF49-6478-4394-9BD7-B9AFCA280B3D}.Release|x86.Build.0 = Release|Any CPU
		{B8FD7488-07A9-4CA0-8F40-483ECE109159}.Debug|Any CPU.ActiveCfg = Debug|Any CPU
		{B8FD7488-07A9-4CA0-8F40-483ECE109159}.Debug|Any CPU.Build.0 = Debug|Any CPU
		{B8FD7488-07A9-4CA0-8F40-483ECE109159}.Debug|x64.ActiveCfg = Debug|Any CPU
		{B8FD7488-07A9-4CA0-8F40-483ECE109159}.Debug|x64.Build.0 = Debug|Any CPU
		{B8FD7488-07A9-4CA0-8F40-483ECE109159}.Debug|x86.ActiveCfg = Debug|Any CPU
		{B8FD7488-07A9-4CA0-8F40-483ECE109159}.Debug|x86.Build.0 = Debug|Any CPU
		{B8FD7488-07A9-4CA0-8F40-483ECE109159}.Release|Any CPU.ActiveCfg = Release|Any CPU
		{B8FD7488-07A9-4CA0-8F40-483ECE109159}.Release|Any CPU.Build.0 = Release|Any CPU
		{B8FD7488-07A9-4CA0-8F40-483ECE109159}.Release|x64.ActiveCfg = Release|Any CPU
		{B8FD7488-07A9-4CA0-8F40-483ECE109159}.Release|x64.Build.0 = Release|Any CPU
		{B8FD7488-07A9-4CA0-8F40-483ECE109159}.Release|x86.ActiveCfg = Release|Any CPU
		{B8FD7488-07A9-4CA0-8F40-483ECE109159}.Release|x86.Build.0 = Release|Any CPU
		{C3E6B18E-A30A-4844-BB82-209A6CC52205}.Debug|Any CPU.ActiveCfg = Debug|Any CPU
		{C3E6B18E-A30A-4844-BB82-209A6CC52205}.Debug|Any CPU.Build.0 = Debug|Any CPU
		{C3E6B18E-A30A-4844-BB82-209A6CC52205}.Debug|x64.ActiveCfg = Debug|Any CPU
		{C3E6B18E-A30A-4844-BB82-209A6CC52205}.Debug|x64.Build.0 = Debug|Any CPU
		{C3E6B18E-A30A-4844-BB82-209A6CC52205}.Debug|x86.ActiveCfg = Debug|Any CPU
		{C3E6B18E-A30A-4844-BB82-209A6CC52205}.Debug|x86.Build.0 = Debug|Any CPU
		{C3E6B18E-A30A-4844-BB82-209A6CC52205}.Release|Any CPU.ActiveCfg = Release|Any CPU
		{C3E6B18E-A30A-4844-BB82-209A6CC52205}.Release|Any CPU.Build.0 = Release|Any CPU
		{C3E6B18E-A30A-4844-BB82-209A6CC52205}.Release|x64.ActiveCfg = Release|Any CPU
		{C3E6B18E-A30A-4844-BB82-209A6CC52205}.Release|x64.Build.0 = Release|Any CPU
		{C3E6B18E-A30A-4844-BB82-209A6CC52205}.Release|x86.ActiveCfg = Release|Any CPU
		{C3E6B18E-A30A-4844-BB82-209A6CC52205}.Release|x86.Build.0 = Release|Any CPU
		{DD02E50C-625B-4A91-9BDF-7E3C08DF9E78}.Debug|Any CPU.ActiveCfg = Debug|Any CPU
		{DD02E50C-625B-4A91-9BDF-7E3C08DF9E78}.Debug|Any CPU.Build.0 = Debug|Any CPU
		{DD02E50C-625B-4A91-9BDF-7E3C08DF9E78}.Debug|x64.ActiveCfg = Debug|Any CPU
		{DD02E50C-625B-4A91-9BDF-7E3C08DF9E78}.Debug|x64.Build.0 = Debug|Any CPU
		{DD02E50C-625B-4A91-9BDF-7E3C08DF9E78}.Debug|x86.ActiveCfg = Debug|Any CPU
		{DD02E50C-625B-4A91-9BDF-7E3C08DF9E78}.Debug|x86.Build.0 = Debug|Any CPU
		{DD02E50C-625B-4A91-9BDF-7E3C08DF9E78}.Release|Any CPU.ActiveCfg = Release|Any CPU
		{DD02E50C-625B-4A91-9BDF-7E3C08DF9E78}.Release|Any CPU.Build.0 = Release|Any CPU
		{DD02E50C-625B-4A91-9BDF-7E3C08DF9E78}.Release|x64.ActiveCfg = Release|Any CPU
		{DD02E50C-625B-4A91-9BDF-7E3C08DF9E78}.Release|x64.Build.0 = Release|Any CPU
		{DD02E50C-625B-4A91-9BDF-7E3C08DF9E78}.Release|x86.ActiveCfg = Release|Any CPU
		{DD02E50C-625B-4A91-9BDF-7E3C08DF9E78}.Release|x86.Build.0 = Release|Any CPU
		{3F7CDB17-2492-4670-930C-E87DD96A7BB9}.Debug|Any CPU.ActiveCfg = Debug|Any CPU
		{3F7CDB17-2492-4670-930C-E87DD96A7BB9}.Debug|Any CPU.Build.0 = Debug|Any CPU
		{3F7CDB17-2492-4670-930C-E87DD96A7BB9}.Debug|x64.ActiveCfg = Debug|Any CPU
		{3F7CDB17-2492-4670-930C-E87DD96A7BB9}.Debug|x64.Build.0 = Debug|Any CPU
		{3F7CDB17-2492-4670-930C-E87DD96A7BB9}.Debug|x86.ActiveCfg = Debug|Any CPU
		{3F7CDB17-2492-4670-930C-E87DD96A7BB9}.Debug|x86.Build.0 = Debug|Any CPU
		{3F7CDB17-2492-4670-930C-E87DD96A7BB9}.Release|Any CPU.ActiveCfg = Release|Any CPU
		{3F7CDB17-2492-4670-930C-E87DD96A7BB9}.Release|Any CPU.Build.0 = Release|Any CPU
		{3F7CDB17-2492-4670-930C-E87DD96A7BB9}.Release|x64.ActiveCfg = Release|Any CPU
		{3F7CDB17-2492-4670-930C-E87DD96A7BB9}.Release|x64.Build.0 = Release|Any CPU
		{3F7CDB17-2492-4670-930C-E87DD96A7BB9}.Release|x86.ActiveCfg = Release|Any CPU
		{3F7CDB17-2492-4670-930C-E87DD96A7BB9}.Release|x86.Build.0 = Release|Any CPU
		{4A29DBDB-F707-419D-9024-B0B509A415DD}.Debug|Any CPU.ActiveCfg = Debug|Any CPU
		{4A29DBDB-F707-419D-9024-B0B509A415DD}.Debug|Any CPU.Build.0 = Debug|Any CPU
		{4A29DBDB-F707-419D-9024-B0B509A415DD}.Debug|x64.ActiveCfg = Debug|Any CPU
		{4A29DBDB-F707-419D-9024-B0B509A415DD}.Debug|x64.Build.0 = Debug|Any CPU
		{4A29DBDB-F707-419D-9024-B0B509A415DD}.Debug|x86.ActiveCfg = Debug|Any CPU
		{4A29DBDB-F707-419D-9024-B0B509A415DD}.Debug|x86.Build.0 = Debug|Any CPU
		{4A29DBDB-F707-419D-9024-B0B509A415DD}.Release|Any CPU.ActiveCfg = Release|Any CPU
		{4A29DBDB-F707-419D-9024-B0B509A415DD}.Release|Any CPU.Build.0 = Release|Any CPU
		{4A29DBDB-F707-419D-9024-B0B509A415DD}.Release|x64.ActiveCfg = Release|Any CPU
		{4A29DBDB-F707-419D-9024-B0B509A415DD}.Release|x64.Build.0 = Release|Any CPU
		{4A29DBDB-F707-419D-9024-B0B509A415DD}.Release|x86.ActiveCfg = Release|Any CPU
		{4A29DBDB-F707-419D-9024-B0B509A415DD}.Release|x86.Build.0 = Release|Any CPU
		{71EB7C3D-6EFE-4189-BE50-DC7C83D666F5}.Debug|Any CPU.ActiveCfg = Debug|Any CPU
		{71EB7C3D-6EFE-4189-BE50-DC7C83D666F5}.Debug|Any CPU.Build.0 = Debug|Any CPU
		{71EB7C3D-6EFE-4189-BE50-DC7C83D666F5}.Debug|x64.ActiveCfg = Debug|Any CPU
		{71EB7C3D-6EFE-4189-BE50-DC7C83D666F5}.Debug|x64.Build.0 = Debug|Any CPU
		{71EB7C3D-6EFE-4189-BE50-DC7C83D666F5}.Debug|x86.ActiveCfg = Debug|Any CPU
		{71EB7C3D-6EFE-4189-BE50-DC7C83D666F5}.Debug|x86.Build.0 = Debug|Any CPU
		{71EB7C3D-6EFE-4189-BE50-DC7C83D666F5}.Release|Any CPU.ActiveCfg = Release|Any CPU
		{71EB7C3D-6EFE-4189-BE50-DC7C83D666F5}.Release|Any CPU.Build.0 = Release|Any CPU
		{71EB7C3D-6EFE-4189-BE50-DC7C83D666F5}.Release|x64.ActiveCfg = Release|Any CPU
		{71EB7C3D-6EFE-4189-BE50-DC7C83D666F5}.Release|x64.Build.0 = Release|Any CPU
		{71EB7C3D-6EFE-4189-BE50-DC7C83D666F5}.Release|x86.ActiveCfg = Release|Any CPU
		{71EB7C3D-6EFE-4189-BE50-DC7C83D666F5}.Release|x86.Build.0 = Release|Any CPU
		{DA647025-1B7B-425A-9405-8E015F6DA723}.Debug|Any CPU.ActiveCfg = Debug|Any CPU
		{DA647025-1B7B-425A-9405-8E015F6DA723}.Debug|Any CPU.Build.0 = Debug|Any CPU
		{DA647025-1B7B-425A-9405-8E015F6DA723}.Debug|x64.ActiveCfg = Debug|Any CPU
		{DA647025-1B7B-425A-9405-8E015F6DA723}.Debug|x64.Build.0 = Debug|Any CPU
		{DA647025-1B7B-425A-9405-8E015F6DA723}.Debug|x86.ActiveCfg = Debug|Any CPU
		{DA647025-1B7B-425A-9405-8E015F6DA723}.Debug|x86.Build.0 = Debug|Any CPU
		{DA647025-1B7B-425A-9405-8E015F6DA723}.Release|Any CPU.ActiveCfg = Release|Any CPU
		{DA647025-1B7B-425A-9405-8E015F6DA723}.Release|Any CPU.Build.0 = Release|Any CPU
		{DA647025-1B7B-425A-9405-8E015F6DA723}.Release|x64.ActiveCfg = Release|Any CPU
		{DA647025-1B7B-425A-9405-8E015F6DA723}.Release|x64.Build.0 = Release|Any CPU
		{DA647025-1B7B-425A-9405-8E015F6DA723}.Release|x86.ActiveCfg = Release|Any CPU
		{DA647025-1B7B-425A-9405-8E015F6DA723}.Release|x86.Build.0 = Release|Any CPU
		{6D40345B-6CCF-4A6C-8FA2-5BE6C693E3F7}.Debug|Any CPU.ActiveCfg = Debug|Any CPU
		{6D40345B-6CCF-4A6C-8FA2-5BE6C693E3F7}.Debug|Any CPU.Build.0 = Debug|Any CPU
		{6D40345B-6CCF-4A6C-8FA2-5BE6C693E3F7}.Debug|x64.ActiveCfg = Debug|Any CPU
		{6D40345B-6CCF-4A6C-8FA2-5BE6C693E3F7}.Debug|x64.Build.0 = Debug|Any CPU
		{6D40345B-6CCF-4A6C-8FA2-5BE6C693E3F7}.Debug|x86.ActiveCfg = Debug|Any CPU
		{6D40345B-6CCF-4A6C-8FA2-5BE6C693E3F7}.Debug|x86.Build.0 = Debug|Any CPU
		{6D40345B-6CCF-4A6C-8FA2-5BE6C693E3F7}.Release|Any CPU.ActiveCfg = Release|Any CPU
		{6D40345B-6CCF-4A6C-8FA2-5BE6C693E3F7}.Release|Any CPU.Build.0 = Release|Any CPU
		{6D40345B-6CCF-4A6C-8FA2-5BE6C693E3F7}.Release|x64.ActiveCfg = Release|Any CPU
		{6D40345B-6CCF-4A6C-8FA2-5BE6C693E3F7}.Release|x64.Build.0 = Release|Any CPU
		{6D40345B-6CCF-4A6C-8FA2-5BE6C693E3F7}.Release|x86.ActiveCfg = Release|Any CPU
		{6D40345B-6CCF-4A6C-8FA2-5BE6C693E3F7}.Release|x86.Build.0 = Release|Any CPU
		{9FA188D7-CF5F-4F87-B292-2AF69994FF12}.Debug|Any CPU.ActiveCfg = Debug|Any CPU
		{9FA188D7-CF5F-4F87-B292-2AF69994FF12}.Debug|Any CPU.Build.0 = Debug|Any CPU
		{9FA188D7-CF5F-4F87-B292-2AF69994FF12}.Debug|x64.ActiveCfg = Debug|Any CPU
		{9FA188D7-CF5F-4F87-B292-2AF69994FF12}.Debug|x64.Build.0 = Debug|Any CPU
		{9FA188D7-CF5F-4F87-B292-2AF69994FF12}.Debug|x86.ActiveCfg = Debug|Any CPU
		{9FA188D7-CF5F-4F87-B292-2AF69994FF12}.Debug|x86.Build.0 = Debug|Any CPU
		{9FA188D7-CF5F-4F87-B292-2AF69994FF12}.Release|Any CPU.ActiveCfg = Release|Any CPU
		{9FA188D7-CF5F-4F87-B292-2AF69994FF12}.Release|Any CPU.Build.0 = Release|Any CPU
		{9FA188D7-CF5F-4F87-B292-2AF69994FF12}.Release|x64.ActiveCfg = Release|Any CPU
		{9FA188D7-CF5F-4F87-B292-2AF69994FF12}.Release|x64.Build.0 = Release|Any CPU
		{9FA188D7-CF5F-4F87-B292-2AF69994FF12}.Release|x86.ActiveCfg = Release|Any CPU
		{9FA188D7-CF5F-4F87-B292-2AF69994FF12}.Release|x86.Build.0 = Release|Any CPU
		{A8B1FC36-7518-4D9B-9CA1-BF7634229AFF}.Debug|Any CPU.ActiveCfg = Debug|Any CPU
		{A8B1FC36-7518-4D9B-9CA1-BF7634229AFF}.Debug|Any CPU.Build.0 = Debug|Any CPU
		{A8B1FC36-7518-4D9B-9CA1-BF7634229AFF}.Debug|x64.ActiveCfg = Debug|Any CPU
		{A8B1FC36-7518-4D9B-9CA1-BF7634229AFF}.Debug|x64.Build.0 = Debug|Any CPU
		{A8B1FC36-7518-4D9B-9CA1-BF7634229AFF}.Debug|x86.ActiveCfg = Debug|Any CPU
		{A8B1FC36-7518-4D9B-9CA1-BF7634229AFF}.Debug|x86.Build.0 = Debug|Any CPU
		{A8B1FC36-7518-4D9B-9CA1-BF7634229AFF}.Release|Any CPU.ActiveCfg = Release|Any CPU
		{A8B1FC36-7518-4D9B-9CA1-BF7634229AFF}.Release|Any CPU.Build.0 = Release|Any CPU
		{A8B1FC36-7518-4D9B-9CA1-BF7634229AFF}.Release|x64.ActiveCfg = Release|Any CPU
		{A8B1FC36-7518-4D9B-9CA1-BF7634229AFF}.Release|x64.Build.0 = Release|Any CPU
		{A8B1FC36-7518-4D9B-9CA1-BF7634229AFF}.Release|x86.ActiveCfg = Release|Any CPU
		{A8B1FC36-7518-4D9B-9CA1-BF7634229AFF}.Release|x86.Build.0 = Release|Any CPU
		{7E7B3004-C6C4-4A8C-8610-2A1CB61F834A}.Debug|Any CPU.ActiveCfg = Debug|Any CPU
		{7E7B3004-C6C4-4A8C-8610-2A1CB61F834A}.Debug|Any CPU.Build.0 = Debug|Any CPU
		{7E7B3004-C6C4-4A8C-8610-2A1CB61F834A}.Debug|x64.ActiveCfg = Debug|Any CPU
		{7E7B3004-C6C4-4A8C-8610-2A1CB61F834A}.Debug|x64.Build.0 = Debug|Any CPU
		{7E7B3004-C6C4-4A8C-8610-2A1CB61F834A}.Debug|x86.ActiveCfg = Debug|Any CPU
		{7E7B3004-C6C4-4A8C-8610-2A1CB61F834A}.Debug|x86.Build.0 = Debug|Any CPU
		{7E7B3004-C6C4-4A8C-8610-2A1CB61F834A}.Release|Any CPU.ActiveCfg = Release|Any CPU
		{7E7B3004-C6C4-4A8C-8610-2A1CB61F834A}.Release|Any CPU.Build.0 = Release|Any CPU
		{7E7B3004-C6C4-4A8C-8610-2A1CB61F834A}.Release|x64.ActiveCfg = Release|Any CPU
		{7E7B3004-C6C4-4A8C-8610-2A1CB61F834A}.Release|x64.Build.0 = Release|Any CPU
		{7E7B3004-C6C4-4A8C-8610-2A1CB61F834A}.Release|x86.ActiveCfg = Release|Any CPU
		{7E7B3004-C6C4-4A8C-8610-2A1CB61F834A}.Release|x86.Build.0 = Release|Any CPU
		{DA971B0E-E028-43E9-9FCE-6ADCD2535AC7}.Debug|Any CPU.ActiveCfg = Debug|Any CPU
		{DA971B0E-E028-43E9-9FCE-6ADCD2535AC7}.Debug|Any CPU.Build.0 = Debug|Any CPU
		{DA971B0E-E028-43E9-9FCE-6ADCD2535AC7}.Debug|x64.ActiveCfg = Debug|Any CPU
		{DA971B0E-E028-43E9-9FCE-6ADCD2535AC7}.Debug|x64.Build.0 = Debug|Any CPU
		{DA971B0E-E028-43E9-9FCE-6ADCD2535AC7}.Debug|x86.ActiveCfg = Debug|Any CPU
		{DA971B0E-E028-43E9-9FCE-6ADCD2535AC7}.Debug|x86.Build.0 = Debug|Any CPU
		{DA971B0E-E028-43E9-9FCE-6ADCD2535AC7}.Release|Any CPU.ActiveCfg = Release|Any CPU
		{DA971B0E-E028-43E9-9FCE-6ADCD2535AC7}.Release|Any CPU.Build.0 = Release|Any CPU
		{DA971B0E-E028-43E9-9FCE-6ADCD2535AC7}.Release|x64.ActiveCfg = Release|Any CPU
		{DA971B0E-E028-43E9-9FCE-6ADCD2535AC7}.Release|x64.Build.0 = Release|Any CPU
		{DA971B0E-E028-43E9-9FCE-6ADCD2535AC7}.Release|x86.ActiveCfg = Release|Any CPU
		{DA971B0E-E028-43E9-9FCE-6ADCD2535AC7}.Release|x86.Build.0 = Release|Any CPU
		{7350482B-DFDE-4DCD-A0C5-899D5EA00F74}.Debug|Any CPU.ActiveCfg = Debug|Any CPU
		{7350482B-DFDE-4DCD-A0C5-899D5EA00F74}.Debug|Any CPU.Build.0 = Debug|Any CPU
		{7350482B-DFDE-4DCD-A0C5-899D5EA00F74}.Debug|x64.ActiveCfg = Debug|Any CPU
		{7350482B-DFDE-4DCD-A0C5-899D5EA00F74}.Debug|x64.Build.0 = Debug|Any CPU
		{7350482B-DFDE-4DCD-A0C5-899D5EA00F74}.Debug|x86.ActiveCfg = Debug|Any CPU
		{7350482B-DFDE-4DCD-A0C5-899D5EA00F74}.Debug|x86.Build.0 = Debug|Any CPU
		{7350482B-DFDE-4DCD-A0C5-899D5EA00F74}.Release|Any CPU.ActiveCfg = Release|Any CPU
		{7350482B-DFDE-4DCD-A0C5-899D5EA00F74}.Release|Any CPU.Build.0 = Release|Any CPU
		{7350482B-DFDE-4DCD-A0C5-899D5EA00F74}.Release|x64.ActiveCfg = Release|Any CPU
		{7350482B-DFDE-4DCD-A0C5-899D5EA00F74}.Release|x64.Build.0 = Release|Any CPU
		{7350482B-DFDE-4DCD-A0C5-899D5EA00F74}.Release|x86.ActiveCfg = Release|Any CPU
		{7350482B-DFDE-4DCD-A0C5-899D5EA00F74}.Release|x86.Build.0 = Release|Any CPU
		{381F49C0-297F-4B61-8A82-E9E502E523AD}.Debug|Any CPU.ActiveCfg = Debug|Any CPU
		{381F49C0-297F-4B61-8A82-E9E502E523AD}.Debug|Any CPU.Build.0 = Debug|Any CPU
		{381F49C0-297F-4B61-8A82-E9E502E523AD}.Debug|x64.ActiveCfg = Debug|Any CPU
		{381F49C0-297F-4B61-8A82-E9E502E523AD}.Debug|x64.Build.0 = Debug|Any CPU
		{381F49C0-297F-4B61-8A82-E9E502E523AD}.Debug|x86.ActiveCfg = Debug|Any CPU
		{381F49C0-297F-4B61-8A82-E9E502E523AD}.Debug|x86.Build.0 = Debug|Any CPU
		{381F49C0-297F-4B61-8A82-E9E502E523AD}.Release|Any CPU.ActiveCfg = Release|Any CPU
		{381F49C0-297F-4B61-8A82-E9E502E523AD}.Release|Any CPU.Build.0 = Release|Any CPU
		{381F49C0-297F-4B61-8A82-E9E502E523AD}.Release|x64.ActiveCfg = Release|Any CPU
		{381F49C0-297F-4B61-8A82-E9E502E523AD}.Release|x64.Build.0 = Release|Any CPU
		{381F49C0-297F-4B61-8A82-E9E502E523AD}.Release|x86.ActiveCfg = Release|Any CPU
		{381F49C0-297F-4B61-8A82-E9E502E523AD}.Release|x86.Build.0 = Release|Any CPU
		{190CC9C7-007F-48C5-867D-03B911D53397}.Debug|Any CPU.ActiveCfg = Debug|Any CPU
		{190CC9C7-007F-48C5-867D-03B911D53397}.Debug|Any CPU.Build.0 = Debug|Any CPU
		{190CC9C7-007F-48C5-867D-03B911D53397}.Debug|x64.ActiveCfg = Debug|Any CPU
		{190CC9C7-007F-48C5-867D-03B911D53397}.Debug|x64.Build.0 = Debug|Any CPU
		{190CC9C7-007F-48C5-867D-03B911D53397}.Debug|x86.ActiveCfg = Debug|Any CPU
		{190CC9C7-007F-48C5-867D-03B911D53397}.Debug|x86.Build.0 = Debug|Any CPU
		{190CC9C7-007F-48C5-867D-03B911D53397}.Release|Any CPU.ActiveCfg = Release|Any CPU
		{190CC9C7-007F-48C5-867D-03B911D53397}.Release|Any CPU.Build.0 = Release|Any CPU
		{190CC9C7-007F-48C5-867D-03B911D53397}.Release|x64.ActiveCfg = Release|Any CPU
		{190CC9C7-007F-48C5-867D-03B911D53397}.Release|x64.Build.0 = Release|Any CPU
		{190CC9C7-007F-48C5-867D-03B911D53397}.Release|x86.ActiveCfg = Release|Any CPU
		{190CC9C7-007F-48C5-867D-03B911D53397}.Release|x86.Build.0 = Release|Any CPU
		{69785FC6-B746-4104-8157-1618B80B0A4C}.Debug|Any CPU.ActiveCfg = Debug|Any CPU
		{69785FC6-B746-4104-8157-1618B80B0A4C}.Debug|Any CPU.Build.0 = Debug|Any CPU
		{69785FC6-B746-4104-8157-1618B80B0A4C}.Debug|x64.ActiveCfg = Debug|Any CPU
		{69785FC6-B746-4104-8157-1618B80B0A4C}.Debug|x64.Build.0 = Debug|Any CPU
		{69785FC6-B746-4104-8157-1618B80B0A4C}.Debug|x86.ActiveCfg = Debug|Any CPU
		{69785FC6-B746-4104-8157-1618B80B0A4C}.Debug|x86.Build.0 = Debug|Any CPU
		{69785FC6-B746-4104-8157-1618B80B0A4C}.Release|Any CPU.ActiveCfg = Release|Any CPU
		{69785FC6-B746-4104-8157-1618B80B0A4C}.Release|Any CPU.Build.0 = Release|Any CPU
		{69785FC6-B746-4104-8157-1618B80B0A4C}.Release|x64.ActiveCfg = Release|Any CPU
		{69785FC6-B746-4104-8157-1618B80B0A4C}.Release|x64.Build.0 = Release|Any CPU
		{69785FC6-B746-4104-8157-1618B80B0A4C}.Release|x86.ActiveCfg = Release|Any CPU
		{69785FC6-B746-4104-8157-1618B80B0A4C}.Release|x86.Build.0 = Release|Any CPU
	EndGlobalSection
	GlobalSection(SolutionProperties) = preSolution
		HideSolutionNode = FALSE
	EndGlobalSection
	GlobalSection(NestedProjects) = preSolution
		{6B8CD8FF-832E-9F88-FB36-2173461F6678} = {B36A84DF-456D-A817-6EDD-3EC3E7F6E11F}
		{C055F84D-F8B7-DBCF-8A73-2EA183185033} = {B36A84DF-456D-A817-6EDD-3EC3E7F6E11F}
		{0840D364-A48A-99D7-EE47-1CAC4643B29A} = {B36A84DF-456D-A817-6EDD-3EC3E7F6E11F}
		{BA42EF68-C2E6-392F-8B5A-37D2EB4A7C06} = {827E0CD3-B72D-47B6-A68D-7590B98EB39B}
		{6F7F539B-6D80-175E-8200-7B1E64323541} = {827E0CD3-B72D-47B6-A68D-7590B98EB39B}
		{2CCDEC5D-5A84-2F11-A2F9-A6AF00F2112D} = {827E0CD3-B72D-47B6-A68D-7590B98EB39B}
		{6C9DE6F5-2E44-A1BE-0E21-D39850C45EF3} = {827E0CD3-B72D-47B6-A68D-7590B98EB39B}
		{00F4BB08-2770-56A6-1F85-B916CA14340E} = {0AB3BF05-4346-4AA6-1389-037BE0695223}
		{5A3B3343-1E90-46DB-DD4C-DB87FD583D69} = {0AB3BF05-4346-4AA6-1389-037BE0695223}
		{BA5B805C-0187-4D3D-9F3F-297314F64B5B} = {B36A84DF-456D-A817-6EDD-3EC3E7F6E11F}
		{BA1CA0FB-A0C8-429B-9709-EDEEA4C187B9} = {B36A84DF-456D-A817-6EDD-3EC3E7F6E11F}
		{1C3C52D9-2936-4A0C-A9C8-F330F22B8359} = {827E0CD3-B72D-47B6-A68D-7590B98EB39B}
		{8E3037D3-BEB0-4A0B-A09A-CF31F50D0508} = {1C3C52D9-2936-4A0C-A9C8-F330F22B8359}
		{83E4EBD0-EE1C-422D-A22C-BC6A1895A879} = {1C3C52D9-2936-4A0C-A9C8-F330F22B8359}
		{0BBBEF49-6478-4394-9BD7-B9AFCA280B3D} = {0AB3BF05-4346-4AA6-1389-037BE0695223}
		{B8FD7488-07A9-4CA0-8F40-483ECE109159} = {0AB3BF05-4346-4AA6-1389-037BE0695223}
		{C3E6B18E-A30A-4844-BB82-209A6CC52205} = {A193E0DE-D617-4E7E-83CA-2A9150E44841}
		{DD02E50C-625B-4A91-9BDF-7E3C08DF9E78} = {1C3C52D9-2936-4A0C-A9C8-F330F22B8359}
		{3F7CDB17-2492-4670-930C-E87DD96A7BB9} = {1C3C52D9-2936-4A0C-A9C8-F330F22B8359}
		{4A29DBDB-F707-419D-9024-B0B509A415DD} = {1C3C52D9-2936-4A0C-A9C8-F330F22B8359}
		{71EB7C3D-6EFE-4189-BE50-DC7C83D666F5} = {1C3C52D9-2936-4A0C-A9C8-F330F22B8359}
		{DA647025-1B7B-425A-9405-8E015F6DA723} = {1C3C52D9-2936-4A0C-A9C8-F330F22B8359}
		{6D40345B-6CCF-4A6C-8FA2-5BE6C693E3F7} = {1C3C52D9-2936-4A0C-A9C8-F330F22B8359}
		{9FA188D7-CF5F-4F87-B292-2AF69994FF12} = {827E0CD3-B72D-47B6-A68D-7590B98EB39B}
		{47DD369E-341A-4E8F-A227-B1B1E04CB9D6} = {0AB3BF05-4346-4AA6-1389-037BE0695223}
		{A8B1FC36-7518-4D9B-9CA1-BF7634229AFF} = {47DD369E-341A-4E8F-A227-B1B1E04CB9D6}
		{D9109C8A-AFA8-49C8-A19C-381500902B4D} = {47DD369E-341A-4E8F-A227-B1B1E04CB9D6}
		{DA971B0E-E028-43E9-9FCE-6ADCD2535AC7} = {D9109C8A-AFA8-49C8-A19C-381500902B4D}
		{7350482B-DFDE-4DCD-A0C5-899D5EA00F74} = {D9109C8A-AFA8-49C8-A19C-381500902B4D}
		{381F49C0-297F-4B61-8A82-E9E502E523AD} = {D9109C8A-AFA8-49C8-A19C-381500902B4D}
		{7E7B3004-C6C4-4A8C-8610-2A1CB61F834A} = {D9109C8A-AFA8-49C8-A19C-381500902B4D}
		{190CC9C7-007F-48C5-867D-03B911D53397} = {1C3C52D9-2936-4A0C-A9C8-F330F22B8359}
		{69785FC6-B746-4104-8157-1618B80B0A4C} = {B36A84DF-456D-A817-6EDD-3EC3E7F6E11F}
	EndGlobalSection
EndGlobal
